
Microsoft Visual Studio Solution File, Format Version 12.00
# Visual Studio Version 16
VisualStudioVersion = 16.0.31005.135
MinimumVisualStudioVersion = 10.0.40219.1
Project("{FAE04EC0-301F-11D3-BF4B-00C04F79EFBC}") = "GuessTheNumber", "GuessTheNumber.csproj", "{097D493A-FF3C-477B-88BA-7325C4DDD887}"
EndProject
Global
	GlobalSection(SolutionConfigurationPlatforms) = preSolution
		Debug|Any CPU = Debug|Any CPU
		Release|Any CPU = Release|Any CPU
	EndGlobalSection
	GlobalSection(ProjectConfigurationPlatforms) = postSolution
		{097D493A-FF3C-477B-88BA-7325C4DDD887}.Debug|Any CPU.ActiveCfg = Debug|Any CPU
		{097D493A-FF3C-477B-88BA-7325C4DDD887}.Debug|Any CPU.Build.0 = Debug|Any CPU
		{097D493A-FF3C-477B-88BA-7325C4DDD887}.Release|Any CPU.ActiveCfg = Release|Any CPU
		{097D493A-FF3C-477B-88BA-7325C4DDD887}.Release|Any CPU.Build.0 = Release|Any CPU
	EndGlobalSection
	GlobalSection(SolutionProperties) = preSolution
		HideSolutionNode = FALSE
	EndGlobalSection
	GlobalSection(ExtensibilityGlobals) = postSolution
		SolutionGuid = {22954FD6-102E-476B-8AB8-9A50522B1988}
	EndGlobalSection
EndGlobal
